
Microsoft Visual Studio Solution File, Format Version 12.00
# Visual Studio 15
VisualStudioVersion = 15.0.28307.539
MinimumVisualStudioVersion = 10.0.40219.1
Project("{FAE04EC0-301F-11D3-BF4B-00C04F79EFBC}") = "space_shooter", "space_shooter\space_shooter.csproj", "{DED921BC-9C6B-4F6A-BB95-600D957EE0D5}"
EndProject
Global
	GlobalSection(SolutionConfigurationPlatforms) = preSolution
		Debug|Any CPU = Debug|Any CPU
		Release|Any CPU = Release|Any CPU
	EndGlobalSection
	GlobalSection(ProjectConfigurationPlatforms) = postSolution
		{DED921BC-9C6B-4F6A-BB95-600D957EE0D5}.Debug|Any CPU.ActiveCfg = Debug|Any CPU
		{DED921BC-9C6B-4F6A-BB95-600D957EE0D5}.Debug|Any CPU.Build.0 = Debug|Any CPU
		{DED921BC-9C6B-4F6A-BB95-600D957EE0D5}.Release|Any CPU.ActiveCfg = Release|Any CPU
		{DED921BC-9C6B-4F6A-BB95-600D957EE0D5}.Release|Any CPU.Build.0 = Release|Any CPU
	EndGlobalSection
	GlobalSection(SolutionProperties) = preSolution
		HideSolutionNode = FALSE
	EndGlobalSection
	GlobalSection(ExtensibilityGlobals) = postSolution
		SolutionGuid = {A58FCA29-1255-469B-BEA4-D4A616DC9AAF}
	EndGlobalSection
EndGlobal
